// !$*UTF8*$!
{
	archiveVersion = 1;
	classes = {
	};
	objectVersion = 56;
	objects = {

/* Begin PBXBuildFile section */
		EB5B7818297182DB00B5DF81 /* TabBarController.swift in Sources */ = {isa = PBXBuildFile; fileRef = EB5B7817297182DB00B5DF81 /* TabBarController.swift */; };
		EB5B781A29718DE500B5DF81 /* SetingsViewController.swift in Sources */ = {isa = PBXBuildFile; fileRef = EB5B781929718DE500B5DF81 /* SetingsViewController.swift */; };
		EB5B7820297208F600B5DF81 /* EpisodesViewController.swift in Sources */ = {isa = PBXBuildFile; fileRef = EB5B781F297208F600B5DF81 /* EpisodesViewController.swift */; };
		EB62FDD829748ECF005783AA /* CharacterPresenter.swift in Sources */ = {isa = PBXBuildFile; fileRef = EB62FDD729748ECF005783AA /* CharacterPresenter.swift */; };
		EB62FDE029748FE6005783AA /* LocationsViewControllers.swift in Sources */ = {isa = PBXBuildFile; fileRef = EB62FDDF29748FE6005783AA /* LocationsViewControllers.swift */; };
		EB62FDE629749159005783AA /* Assets.xcassets in Resources */ = {isa = PBXBuildFile; fileRef = EB62FDE229749159005783AA /* Assets.xcassets */; };
		EB62FDE729749159005783AA /* Info.plist in Resources */ = {isa = PBXBuildFile; fileRef = EB62FDE329749159005783AA /* Info.plist */; };
		EB62FDE829749159005783AA /* SceneDelegate.swift in Sources */ = {isa = PBXBuildFile; fileRef = EB62FDE429749159005783AA /* SceneDelegate.swift */; };
		EB62FDE929749159005783AA /* UIColorExtension.swift in Sources */ = {isa = PBXBuildFile; fileRef = EB62FDE529749159005783AA /* UIColorExtension.swift */; };
		EB62FDEC297491A7005783AA /* RickAndMorty.xcdatamodeld in Sources */ = {isa = PBXBuildFile; fileRef = EB62FDEA297491A7005783AA /* RickAndMorty.xcdatamodeld */; };
		EB7BC2C32964AA0B00626717 /* AppDelegate.swift in Sources */ = {isa = PBXBuildFile; fileRef = EB7BC2C22964AA0B00626717 /* AppDelegate.swift */; };
		EB7BC2C72964AA0B00626717 /* CharactersViewController.swift in Sources */ = {isa = PBXBuildFile; fileRef = EB7BC2C62964AA0B00626717 /* CharactersViewController.swift */; };
		EB7BC2D22964AA0C00626717 /* LaunchScreen.storyboard in Resources */ = {isa = PBXBuildFile; fileRef = EB7BC2D02964AA0C00626717 /* LaunchScreen.storyboard */; };
		EB7BC2DD2964AA0C00626717 /* RickAndMortyTests.swift in Sources */ = {isa = PBXBuildFile; fileRef = EB7BC2DC2964AA0C00626717 /* RickAndMortyTests.swift */; };
		EB7BC2E72964AA0C00626717 /* RickAndMortyUITests.swift in Sources */ = {isa = PBXBuildFile; fileRef = EB7BC2E62964AA0C00626717 /* RickAndMortyUITests.swift */; };
		EB7BC2E92964AA0C00626717 /* RickAndMortyUITestsLaunchTests.swift in Sources */ = {isa = PBXBuildFile; fileRef = EB7BC2E82964AA0C00626717 /* RickAndMortyUITestsLaunchTests.swift */; };
		EB7BC2F829658A0600626717 /* CharacterModel.swift in Sources */ = {isa = PBXBuildFile; fileRef = EB7BC2F729658A0600626717 /* CharacterModel.swift */; };
		EB7BC2FA29658F4C00626717 /* CharacterData.swift in Sources */ = {isa = PBXBuildFile; fileRef = EB7BC2F929658F4C00626717 /* CharacterData.swift */; };
		EBB65DD8296618B6003CB4D4 /* OriginLocationModel.swift in Sources */ = {isa = PBXBuildFile; fileRef = EBB65DD7296618B6003CB4D4 /* OriginLocationModel.swift */; };
		EBB65DDA296619F3003CB4D4 /* LastLocationModel.swift in Sources */ = {isa = PBXBuildFile; fileRef = EBB65DD9296619F3003CB4D4 /* LastLocationModel.swift */; };
/* End PBXBuildFile section */

/* Begin PBXContainerItemProxy section */
		EB7BC2D92964AA0C00626717 /* PBXContainerItemProxy */ = {
			isa = PBXContainerItemProxy;
			containerPortal = EB7BC2B72964AA0B00626717 /* Project object */;
			proxyType = 1;
			remoteGlobalIDString = EB7BC2BE2964AA0B00626717;
			remoteInfo = RickAndMorty;
		};
		EB7BC2E32964AA0C00626717 /* PBXContainerItemProxy */ = {
			isa = PBXContainerItemProxy;
			containerPortal = EB7BC2B72964AA0B00626717 /* Project object */;
			proxyType = 1;
			remoteGlobalIDString = EB7BC2BE2964AA0B00626717;
			remoteInfo = RickAndMorty;
		};
/* End PBXContainerItemProxy section */

/* Begin PBXFileReference section */
		EB5B7817297182DB00B5DF81 /* TabBarController.swift */ = {isa = PBXFileReference; lastKnownFileType = sourcecode.swift; path = TabBarController.swift; sourceTree = "<group>"; };
		EB5B781929718DE500B5DF81 /* SetingsViewController.swift */ = {isa = PBXFileReference; lastKnownFileType = sourcecode.swift; path = SetingsViewController.swift; sourceTree = "<group>"; };
		EB5B781F297208F600B5DF81 /* EpisodesViewController.swift */ = {isa = PBXFileReference; explicitFileType = sourcecode.swift; name = EpisodesViewController.swift; path = RickAndMorty/EpisodeModule/View/EpisodesViewController.swift; sourceTree = SOURCE_ROOT; };
		EB62FDD729748ECF005783AA /* CharacterPresenter.swift */ = {isa = PBXFileReference; fileEncoding = 4; lastKnownFileType = sourcecode.swift; name = CharacterPresenter.swift; path = RickAndMorty/CharacterModule/Presenter/CharacterPresenter.swift; sourceTree = SOURCE_ROOT; };
		EB62FDDF29748FE6005783AA /* LocationsViewControllers.swift */ = {isa = PBXFileReference; lastKnownFileType = sourcecode.swift; name = LocationsViewControllers.swift; path = ../LocationsViewControllers.swift; sourceTree = "<group>"; };
		EB62FDE229749159005783AA /* Assets.xcassets */ = {isa = PBXFileReference; lastKnownFileType = folder.assetcatalog; name = Assets.xcassets; path = RickAndMorty/Helper/Assets.xcassets; sourceTree = SOURCE_ROOT; };
		EB62FDE329749159005783AA /* Info.plist */ = {isa = PBXFileReference; lastKnownFileType = text.plist; name = Info.plist; path = RickAndMorty/Helper/Info.plist; sourceTree = SOURCE_ROOT; };
		EB62FDE429749159005783AA /* SceneDelegate.swift */ = {isa = PBXFileReference; fileEncoding = 4; lastKnownFileType = sourcecode.swift; name = SceneDelegate.swift; path = RickAndMorty/SceneDelegate.swift; sourceTree = SOURCE_ROOT; };
		EB62FDE529749159005783AA /* UIColorExtension.swift */ = {isa = PBXFileReference; fileEncoding = 4; lastKnownFileType = sourcecode.swift; name = UIColorExtension.swift; path = RickAndMorty/Helper/UIColorExtension.swift; sourceTree = SOURCE_ROOT; };
		EB62FDEB297491A7005783AA /* RickAndMorty.xcdatamodel */ = {isa = PBXFileReference; lastKnownFileType = wrapper.xcdatamodel; path = RickAndMorty.xcdatamodel; sourceTree = "<group>"; };
		EB7BC2BF2964AA0B00626717 /* RickAndMorty.app */ = {isa = PBXFileReference; explicitFileType = wrapper.application; includeInIndex = 0; path = RickAndMorty.app; sourceTree = BUILT_PRODUCTS_DIR; };
		EB7BC2C22964AA0B00626717 /* AppDelegate.swift */ = {isa = PBXFileReference; lastKnownFileType = sourcecode.swift; path = AppDelegate.swift; sourceTree = "<group>"; };
		EB7BC2C62964AA0B00626717 /* CharactersViewController.swift */ = {isa = PBXFileReference; lastKnownFileType = sourcecode.swift; path = CharactersViewController.swift; sourceTree = "<group>"; };
		EB7BC2D12964AA0C00626717 /* Base */ = {isa = PBXFileReference; lastKnownFileType = file.storyboard; name = Base; path = Base.lproj/LaunchScreen.storyboard; sourceTree = "<group>"; };
		EB7BC2D82964AA0C00626717 /* RickAndMortyTests.xctest */ = {isa = PBXFileReference; explicitFileType = wrapper.cfbundle; includeInIndex = 0; path = RickAndMortyTests.xctest; sourceTree = BUILT_PRODUCTS_DIR; };
		EB7BC2DC2964AA0C00626717 /* RickAndMortyTests.swift */ = {isa = PBXFileReference; lastKnownFileType = sourcecode.swift; path = RickAndMortyTests.swift; sourceTree = "<group>"; };
		EB7BC2E22964AA0C00626717 /* RickAndMortyUITests.xctest */ = {isa = PBXFileReference; explicitFileType = wrapper.cfbundle; includeInIndex = 0; path = RickAndMortyUITests.xctest; sourceTree = BUILT_PRODUCTS_DIR; };
		EB7BC2E62964AA0C00626717 /* RickAndMortyUITests.swift */ = {isa = PBXFileReference; lastKnownFileType = sourcecode.swift; path = RickAndMortyUITests.swift; sourceTree = "<group>"; };
		EB7BC2E82964AA0C00626717 /* RickAndMortyUITestsLaunchTests.swift */ = {isa = PBXFileReference; lastKnownFileType = sourcecode.swift; path = RickAndMortyUITestsLaunchTests.swift; sourceTree = "<group>"; };
		EB7BC2F729658A0600626717 /* CharacterModel.swift */ = {isa = PBXFileReference; lastKnownFileType = sourcecode.swift; path = CharacterModel.swift; sourceTree = "<group>"; };
		EB7BC2F929658F4C00626717 /* CharacterData.swift */ = {isa = PBXFileReference; lastKnownFileType = sourcecode.swift; path = CharacterData.swift; sourceTree = "<group>"; };
		EBB65DD7296618B6003CB4D4 /* OriginLocationModel.swift */ = {isa = PBXFileReference; lastKnownFileType = sourcecode.swift; path = OriginLocationModel.swift; sourceTree = "<group>"; };
		EBB65DD9296619F3003CB4D4 /* LastLocationModel.swift */ = {isa = PBXFileReference; lastKnownFileType = sourcecode.swift; path = LastLocationModel.swift; sourceTree = "<group>"; };
/* End PBXFileReference section */

/* Begin PBXFrameworksBuildPhase section */
		EB7BC2BC2964AA0B00626717 /* Frameworks */ = {
			isa = PBXFrameworksBuildPhase;
			buildActionMask = 2147483647;
			files = (
			);
			runOnlyForDeploymentPostprocessing = 0;
		};
		EB7BC2D52964AA0C00626717 /* Frameworks */ = {
			isa = PBXFrameworksBuildPhase;
			buildActionMask = 2147483647;
			files = (
			);
			runOnlyForDeploymentPostprocessing = 0;
		};
		EB7BC2DF2964AA0C00626717 /* Frameworks */ = {
			isa = PBXFrameworksBuildPhase;
			buildActionMask = 2147483647;
			files = (
			);
			runOnlyForDeploymentPostprocessing = 0;
		};
/* End PBXFrameworksBuildPhase section */

/* Begin PBXGroup section */
		EB29FCE62973FCA700514019 /* Helper */ = {
			isa = PBXGroup;
			children = (
				EB62FDE529749159005783AA /* UIColorExtension.swift */,
				EB7BC2D02964AA0C00626717 /* LaunchScreen.storyboard */,
				EB62FDE229749159005783AA /* Assets.xcassets */,
				EB62FDE329749159005783AA /* Info.plist */,
			);
			path = Helper;
			sourceTree = "<group>";
		};
		EB5B782329720B8A00B5DF81 /* View */ = {
			isa = PBXGroup;
			children = (
				EB5B7817297182DB00B5DF81 /* TabBarController.swift */,
			);
			path = View;
			sourceTree = "<group>";
		};
		EB62FDD929748EE8005783AA /* Presenter */ = {
			isa = PBXGroup;
			children = (
				EB62FDD729748ECF005783AA /* CharacterPresenter.swift */,
			);
			path = Presenter;
			sourceTree = "<group>";
		};
		EB62FDDA29748F01005783AA /* CharacterModule */ = {
			isa = PBXGroup;
			children = (
				EB8A67C5296871F400FC34FD /* Model */,
				EB62FDDC29748F8D005783AA /* View */,
				EB62FDD929748EE8005783AA /* Presenter */,
			);
			path = CharacterModule;
			sourceTree = "<group>";
		};
		EB62FDDB29748F57005783AA /* LocationModule */ = {
			isa = PBXGroup;
			children = (
				EB62FDE12974901C005783AA /* Model */,
				EB62FDDE29748FC1005783AA /* View */,
			);
			path = LocationModule;
			sourceTree = "<group>";
		};
		EB62FDDC29748F8D005783AA /* View */ = {
			isa = PBXGroup;
			children = (
				EB7BC2C62964AA0B00626717 /* CharactersViewController.swift */,
			);
			path = View;
			sourceTree = "<group>";
		};
		EB62FDDE29748FC1005783AA /* View */ = {
			isa = PBXGroup;
			children = (
				EB62FDDF29748FE6005783AA /* LocationsViewControllers.swift */,
			);
			path = View;
			sourceTree = "<group>";
		};
		EB62FDE12974901C005783AA /* Model */ = {
			isa = PBXGroup;
			children = (
				EB8A67C62968721B00FC34FD /* OriginLocationModel */,
				EB8A67C72968722700FC34FD /* LastLocationModel */,
			);
			path = Model;
			sourceTree = "<group>";
		};
		EB62FDED2974920F005783AA /* SetingsModule */ = {
			isa = PBXGroup;
			children = (
				EB62FDEE2974921A005783AA /* View */,
			);
			path = SetingsModule;
			sourceTree = "<group>";
		};
		EB62FDEE2974921A005783AA /* View */ = {
			isa = PBXGroup;
			children = (
				EB5B781929718DE500B5DF81 /* SetingsViewController.swift */,
			);
			path = View;
			sourceTree = "<group>";
		};
		EB62FDEF29749221005783AA /* EpisodeModule */ = {
			isa = PBXGroup;
			children = (
				EB62FDF029749237005783AA /* View */,
			);
			path = EpisodeModule;
			sourceTree = "<group>";
		};
		EB62FDF029749237005783AA /* View */ = {
			isa = PBXGroup;
			children = (
				EB5B781F297208F600B5DF81 /* EpisodesViewController.swift */,
			);
			path = View;
			sourceTree = "<group>";
		};
		EB7BC2B62964AA0B00626717 = {
			isa = PBXGroup;
			children = (
				EB7BC2C12964AA0B00626717 /* RickAndMorty */,
				EB62FDEA297491A7005783AA /* RickAndMorty.xcdatamodeld */,
				EB7BC2DB2964AA0C00626717 /* RickAndMortyTests */,
				EB7BC2E52964AA0C00626717 /* RickAndMortyUITests */,
				EB7BC2C02964AA0B00626717 /* Products */,
			);
			sourceTree = "<group>";
		};
		EB7BC2C02964AA0B00626717 /* Products */ = {
			isa = PBXGroup;
			children = (
				EB7BC2BF2964AA0B00626717 /* RickAndMorty.app */,
				EB7BC2D82964AA0C00626717 /* RickAndMortyTests.xctest */,
				EB7BC2E22964AA0C00626717 /* RickAndMortyUITests.xctest */,
			);
			name = Products;
			sourceTree = "<group>";
		};
		EB7BC2C12964AA0B00626717 /* RickAndMorty */ = {
			isa = PBXGroup;
			children = (
				EB7BC2C22964AA0B00626717 /* AppDelegate.swift */,
				EB62FDE429749159005783AA /* SceneDelegate.swift */,
				EB5B782329720B8A00B5DF81 /* View */,
				EB62FDDA29748F01005783AA /* CharacterModule */,
				EB62FDDB29748F57005783AA /* LocationModule */,
				EB62FDEF29749221005783AA /* EpisodeModule */,
				EB62FDED2974920F005783AA /* SetingsModule */,
				EB29FCE62973FCA700514019 /* Helper */,
			);
			path = RickAndMorty;
			sourceTree = "<group>";
		};
		EB7BC2DB2964AA0C00626717 /* RickAndMortyTests */ = {
			isa = PBXGroup;
			children = (
				EB7BC2DC2964AA0C00626717 /* RickAndMortyTests.swift */,
			);
			path = RickAndMortyTests;
			sourceTree = "<group>";
		};
		EB7BC2E52964AA0C00626717 /* RickAndMortyUITests */ = {
			isa = PBXGroup;
			children = (
				EB7BC2E62964AA0C00626717 /* RickAndMortyUITests.swift */,
				EB7BC2E82964AA0C00626717 /* RickAndMortyUITestsLaunchTests.swift */,
			);
			path = RickAndMortyUITests;
			sourceTree = "<group>";
		};
		EB8A67C5296871F400FC34FD /* Model */ = {
			isa = PBXGroup;
			children = (
				EB7BC2F729658A0600626717 /* CharacterModel.swift */,
				EB7BC2F929658F4C00626717 /* CharacterData.swift */,
			);
			path = Model;
			sourceTree = "<group>";
		};
		EB8A67C62968721B00FC34FD /* OriginLocationModel */ = {
			isa = PBXGroup;
			children = (
				EBB65DD7296618B6003CB4D4 /* OriginLocationModel.swift */,
			);
			path = OriginLocationModel;
			sourceTree = "<group>";
		};
		EB8A67C72968722700FC34FD /* LastLocationModel */ = {
			isa = PBXGroup;
			children = (
				EBB65DD9296619F3003CB4D4 /* LastLocationModel.swift */,
			);
			path = LastLocationModel;
			sourceTree = "<group>";
		};
/* End PBXGroup section */

/* Begin PBXNativeTarget section */
		EB7BC2BE2964AA0B00626717 /* RickAndMorty */ = {
			isa = PBXNativeTarget;
			buildConfigurationList = EB7BC2EC2964AA0C00626717 /* Build configuration list for PBXNativeTarget "RickAndMorty" */;
			buildPhases = (
				EB7BC2BB2964AA0B00626717 /* Sources */,
				EB7BC2BC2964AA0B00626717 /* Frameworks */,
				EB7BC2BD2964AA0B00626717 /* Resources */,
			);
			buildRules = (
			);
			dependencies = (
			);
			name = RickAndMorty;
			productName = RickAndMorty;
			productReference = EB7BC2BF2964AA0B00626717 /* RickAndMorty.app */;
			productType = "com.apple.product-type.application";
		};
		EB7BC2D72964AA0C00626717 /* RickAndMortyTests */ = {
			isa = PBXNativeTarget;
			buildConfigurationList = EB7BC2EF2964AA0C00626717 /* Build configuration list for PBXNativeTarget "RickAndMortyTests" */;
			buildPhases = (
				EB7BC2D42964AA0C00626717 /* Sources */,
				EB7BC2D52964AA0C00626717 /* Frameworks */,
				EB7BC2D62964AA0C00626717 /* Resources */,
			);
			buildRules = (
			);
			dependencies = (
				EB7BC2DA2964AA0C00626717 /* PBXTargetDependency */,
			);
			name = RickAndMortyTests;
			productName = RickAndMortyTests;
			productReference = EB7BC2D82964AA0C00626717 /* RickAndMortyTests.xctest */;
			productType = "com.apple.product-type.bundle.unit-test";
		};
		EB7BC2E12964AA0C00626717 /* RickAndMortyUITests */ = {
			isa = PBXNativeTarget;
			buildConfigurationList = EB7BC2F22964AA0C00626717 /* Build configuration list for PBXNativeTarget "RickAndMortyUITests" */;
			buildPhases = (
				EB7BC2DE2964AA0C00626717 /* Sources */,
				EB7BC2DF2964AA0C00626717 /* Frameworks */,
				EB7BC2E02964AA0C00626717 /* Resources */,
			);
			buildRules = (
			);
			dependencies = (
				EB7BC2E42964AA0C00626717 /* PBXTargetDependency */,
			);
			name = RickAndMortyUITests;
			productName = RickAndMortyUITests;
			productReference = EB7BC2E22964AA0C00626717 /* RickAndMortyUITests.xctest */;
			productType = "com.apple.product-type.bundle.ui-testing";
		};
/* End PBXNativeTarget section */

/* Begin PBXProject section */
		EB7BC2B72964AA0B00626717 /* Project object */ = {
			isa = PBXProject;
			attributes = {
				BuildIndependentTargetsInParallel = 1;
				LastSwiftUpdateCheck = 1410;
				LastUpgradeCheck = 1410;
				TargetAttributes = {
					EB7BC2BE2964AA0B00626717 = {
						CreatedOnToolsVersion = 14.1;
					};
					EB7BC2D72964AA0C00626717 = {
						CreatedOnToolsVersion = 14.1;
						TestTargetID = EB7BC2BE2964AA0B00626717;
					};
					EB7BC2E12964AA0C00626717 = {
						CreatedOnToolsVersion = 14.1;
						TestTargetID = EB7BC2BE2964AA0B00626717;
					};
				};
			};
			buildConfigurationList = EB7BC2BA2964AA0B00626717 /* Build configuration list for PBXProject "RickAndMorty" */;
			compatibilityVersion = "Xcode 14.0";
			developmentRegion = en;
			hasScannedForEncodings = 0;
			knownRegions = (
				en,
				Base,
			);
			mainGroup = EB7BC2B62964AA0B00626717;
			productRefGroup = EB7BC2C02964AA0B00626717 /* Products */;
			projectDirPath = "";
			projectRoot = "";
			targets = (
				EB7BC2BE2964AA0B00626717 /* RickAndMorty */,
				EB7BC2D72964AA0C00626717 /* RickAndMortyTests */,
				EB7BC2E12964AA0C00626717 /* RickAndMortyUITests */,
			);
		};
/* End PBXProject section */

/* Begin PBXResourcesBuildPhase section */
		EB7BC2BD2964AA0B00626717 /* Resources */ = {
			isa = PBXResourcesBuildPhase;
			buildActionMask = 2147483647;
			files = (
				EB62FDE629749159005783AA /* Assets.xcassets in Resources */,
				EB7BC2D22964AA0C00626717 /* LaunchScreen.storyboard in Resources */,
				EB62FDE729749159005783AA /* Info.plist in Resources */,
			);
			runOnlyForDeploymentPostprocessing = 0;
		};
		EB7BC2D62964AA0C00626717 /* Resources */ = {
			isa = PBXResourcesBuildPhase;
			buildActionMask = 2147483647;
			files = (
			);
			runOnlyForDeploymentPostprocessing = 0;
		};
		EB7BC2E02964AA0C00626717 /* Resources */ = {
			isa = PBXResourcesBuildPhase;
			buildActionMask = 2147483647;
			files = (
			);
			runOnlyForDeploymentPostprocessing = 0;
		};
/* End PBXResourcesBuildPhase section */

/* Begin PBXSourcesBuildPhase section */
		EB7BC2BB2964AA0B00626717 /* Sources */ = {
			isa = PBXSourcesBuildPhase;
			buildActionMask = 2147483647;
			files = (
				EB5B781A29718DE500B5DF81 /* SetingsViewController.swift in Sources */,
				EB62FDE929749159005783AA /* UIColorExtension.swift in Sources */,
				EB62FDEC297491A7005783AA /* RickAndMorty.xcdatamodeld in Sources */,
				EB7BC2FA29658F4C00626717 /* CharacterData.swift in Sources */,
				EB5B7820297208F600B5DF81 /* EpisodesViewController.swift in Sources */,
				EB62FDE029748FE6005783AA /* LocationsViewControllers.swift in Sources */,
				EB7BC2C72964AA0B00626717 /* CharactersViewController.swift in Sources */,
				EB62FDD829748ECF005783AA /* CharacterPresenter.swift in Sources */,
				EBB65DDA296619F3003CB4D4 /* LastLocationModel.swift in Sources */,
				EB62FDE829749159005783AA /* SceneDelegate.swift in Sources */,
				EB7BC2C32964AA0B00626717 /* AppDelegate.swift in Sources */,
				EBB65DD8296618B6003CB4D4 /* OriginLocationModel.swift in Sources */,
				EB5B7818297182DB00B5DF81 /* TabBarController.swift in Sources */,
				EB7BC2F829658A0600626717 /* CharacterModel.swift in Sources */,
			);
			runOnlyForDeploymentPostprocessing = 0;
		};
		EB7BC2D42964AA0C00626717 /* Sources */ = {
			isa = PBXSourcesBuildPhase;
			buildActionMask = 2147483647;
			files = (
				EB7BC2DD2964AA0C00626717 /* RickAndMortyTests.swift in Sources */,
			);
			runOnlyForDeploymentPostprocessing = 0;
		};
		EB7BC2DE2964AA0C00626717 /* Sources */ = {
			isa = PBXSourcesBuildPhase;
			buildActionMask = 2147483647;
			files = (
				EB7BC2E72964AA0C00626717 /* RickAndMortyUITests.swift in Sources */,
				EB7BC2E92964AA0C00626717 /* RickAndMortyUITestsLaunchTests.swift in Sources */,
			);
			runOnlyForDeploymentPostprocessing = 0;
		};
/* End PBXSourcesBuildPhase section */

/* Begin PBXTargetDependency section */
		EB7BC2DA2964AA0C00626717 /* PBXTargetDependency */ = {
			isa = PBXTargetDependency;
			target = EB7BC2BE2964AA0B00626717 /* RickAndMorty */;
			targetProxy = EB7BC2D92964AA0C00626717 /* PBXContainerItemProxy */;
		};
		EB7BC2E42964AA0C00626717 /* PBXTargetDependency */ = {
			isa = PBXTargetDependency;
			target = EB7BC2BE2964AA0B00626717 /* RickAndMorty */;
			targetProxy = EB7BC2E32964AA0C00626717 /* PBXContainerItemProxy */;
		};
/* End PBXTargetDependency section */

/* Begin PBXVariantGroup section */
		EB7BC2D02964AA0C00626717 /* LaunchScreen.storyboard */ = {
			isa = PBXVariantGroup;
			children = (
				EB7BC2D12964AA0C00626717 /* Base */,
			);
			name = LaunchScreen.storyboard;
			sourceTree = "<group>";
		};
/* End PBXVariantGroup section */

/* Begin XCBuildConfiguration section */
		EB7BC2EA2964AA0C00626717 /* Debug */ = {
			isa = XCBuildConfiguration;
			buildSettings = {
				ALWAYS_SEARCH_USER_PATHS = NO;
				CLANG_ANALYZER_NONNULL = YES;
				CLANG_ANALYZER_NUMBER_OBJECT_CONVERSION = YES_AGGRESSIVE;
				CLANG_CXX_LANGUAGE_STANDARD = "gnu++20";
				CLANG_ENABLE_MODULES = YES;
				CLANG_ENABLE_OBJC_ARC = YES;
				CLANG_ENABLE_OBJC_WEAK = YES;
				CLANG_WARN_BLOCK_CAPTURE_AUTORELEASING = YES;
				CLANG_WARN_BOOL_CONVERSION = YES;
				CLANG_WARN_COMMA = YES;
				CLANG_WARN_CONSTANT_CONVERSION = YES;
				CLANG_WARN_DEPRECATED_OBJC_IMPLEMENTATIONS = YES;
				CLANG_WARN_DIRECT_OBJC_ISA_USAGE = YES_ERROR;
				CLANG_WARN_DOCUMENTATION_COMMENTS = YES;
				CLANG_WARN_EMPTY_BODY = YES;
				CLANG_WARN_ENUM_CONVERSION = YES;
				CLANG_WARN_INFINITE_RECURSION = YES;
				CLANG_WARN_INT_CONVERSION = YES;
				CLANG_WARN_NON_LITERAL_NULL_CONVERSION = YES;
				CLANG_WARN_OBJC_IMPLICIT_RETAIN_SELF = YES;
				CLANG_WARN_OBJC_LITERAL_CONVERSION = YES;
				CLANG_WARN_OBJC_ROOT_CLASS = YES_ERROR;
				CLANG_WARN_QUOTED_INCLUDE_IN_FRAMEWORK_HEADER = YES;
				CLANG_WARN_RANGE_LOOP_ANALYSIS = YES;
				CLANG_WARN_STRICT_PROTOTYPES = YES;
				CLANG_WARN_SUSPICIOUS_MOVE = YES;
				CLANG_WARN_UNGUARDED_AVAILABILITY = YES_AGGRESSIVE;
				CLANG_WARN_UNREACHABLE_CODE = YES;
				CLANG_WARN__DUPLICATE_METHOD_MATCH = YES;
				COPY_PHASE_STRIP = NO;
				DEBUG_INFORMATION_FORMAT = dwarf;
				ENABLE_STRICT_OBJC_MSGSEND = YES;
				ENABLE_TESTABILITY = YES;
				GCC_C_LANGUAGE_STANDARD = gnu11;
				GCC_DYNAMIC_NO_PIC = NO;
				GCC_NO_COMMON_BLOCKS = YES;
				GCC_OPTIMIZATION_LEVEL = 0;
				GCC_PREPROCESSOR_DEFINITIONS = (
					"DEBUG=1",
					"$(inherited)",
				);
				GCC_WARN_64_TO_32_BIT_CONVERSION = YES;
				GCC_WARN_ABOUT_RETURN_TYPE = YES_ERROR;
				GCC_WARN_UNDECLARED_SELECTOR = YES;
				GCC_WARN_UNINITIALIZED_AUTOS = YES_AGGRESSIVE;
				GCC_WARN_UNUSED_FUNCTION = YES;
				GCC_WARN_UNUSED_VARIABLE = YES;
				IPHONEOS_DEPLOYMENT_TARGET = 16.1;
				MTL_ENABLE_DEBUG_INFO = INCLUDE_SOURCE;
				MTL_FAST_MATH = YES;
				ONLY_ACTIVE_ARCH = YES;
				SDKROOT = iphoneos;
				SWIFT_ACTIVE_COMPILATION_CONDITIONS = DEBUG;
				SWIFT_OPTIMIZATION_LEVEL = "-Onone";
			};
			name = Debug;
		};
		EB7BC2EB2964AA0C00626717 /* Release */ = {
			isa = XCBuildConfiguration;
			buildSettings = {
				ALWAYS_SEARCH_USER_PATHS = NO;
				CLANG_ANALYZER_NONNULL = YES;
				CLANG_ANALYZER_NUMBER_OBJECT_CONVERSION = YES_AGGRESSIVE;
				CLANG_CXX_LANGUAGE_STANDARD = "gnu++20";
				CLANG_ENABLE_MODULES = YES;
				CLANG_ENABLE_OBJC_ARC = YES;
				CLANG_ENABLE_OBJC_WEAK = YES;
				CLANG_WARN_BLOCK_CAPTURE_AUTORELEASING = YES;
				CLANG_WARN_BOOL_CONVERSION = YES;
				CLANG_WARN_COMMA = YES;
				CLANG_WARN_CONSTANT_CONVERSION = YES;
				CLANG_WARN_DEPRECATED_OBJC_IMPLEMENTATIONS = YES;
				CLANG_WARN_DIRECT_OBJC_ISA_USAGE = YES_ERROR;
				CLANG_WARN_DOCUMENTATION_COMMENTS = YES;
				CLANG_WARN_EMPTY_BODY = YES;
				CLANG_WARN_ENUM_CONVERSION = YES;
				CLANG_WARN_INFINITE_RECURSION = YES;
				CLANG_WARN_INT_CONVERSION = YES;
				CLANG_WARN_NON_LITERAL_NULL_CONVERSION = YES;
				CLANG_WARN_OBJC_IMPLICIT_RETAIN_SELF = YES;
				CLANG_WARN_OBJC_LITERAL_CONVERSION = YES;
				CLANG_WARN_OBJC_ROOT_CLASS = YES_ERROR;
				CLANG_WARN_QUOTED_INCLUDE_IN_FRAMEWORK_HEADER = YES;
				CLANG_WARN_RANGE_LOOP_ANALYSIS = YES;
				CLANG_WARN_STRICT_PROTOTYPES = YES;
				CLANG_WARN_SUSPICIOUS_MOVE = YES;
				CLANG_WARN_UNGUARDED_AVAILABILITY = YES_AGGRESSIVE;
				CLANG_WARN_UNREACHABLE_CODE = YES;
				CLANG_WARN__DUPLICATE_METHOD_MATCH = YES;
				COPY_PHASE_STRIP = NO;
				DEBUG_INFORMATION_FORMAT = "dwarf-with-dsym";
				ENABLE_NS_ASSERTIONS = NO;
				ENABLE_STRICT_OBJC_MSGSEND = YES;
				GCC_C_LANGUAGE_STANDARD = gnu11;
				GCC_NO_COMMON_BLOCKS = YES;
				GCC_WARN_64_TO_32_BIT_CONVERSION = YES;
				GCC_WARN_ABOUT_RETURN_TYPE = YES_ERROR;
				GCC_WARN_UNDECLARED_SELECTOR = YES;
				GCC_WARN_UNINITIALIZED_AUTOS = YES_AGGRESSIVE;
				GCC_WARN_UNUSED_FUNCTION = YES;
				GCC_WARN_UNUSED_VARIABLE = YES;
				IPHONEOS_DEPLOYMENT_TARGET = 16.1;
				MTL_ENABLE_DEBUG_INFO = NO;
				MTL_FAST_MATH = YES;
				SDKROOT = iphoneos;
				SWIFT_COMPILATION_MODE = wholemodule;
				SWIFT_OPTIMIZATION_LEVEL = "-O";
				VALIDATE_PRODUCT = YES;
			};
			name = Release;
		};
		EB7BC2ED2964AA0C00626717 /* Debug */ = {
			isa = XCBuildConfiguration;
			buildSettings = {
				ASSETCATALOG_COMPILER_APPICON_NAME = AppIcon;
				ASSETCATALOG_COMPILER_GLOBAL_ACCENT_COLOR_NAME = AccentColor;
				CODE_SIGN_STYLE = Automatic;
				CURRENT_PROJECT_VERSION = 1;
				DEVELOPMENT_TEAM = 2VC8L6JCP3;
				GENERATE_INFOPLIST_FILE = YES;
				INFOPLIST_FILE = RickAndMorty/Info.plist;
				INFOPLIST_KEY_UIApplicationSupportsIndirectInputEvents = YES;
				INFOPLIST_KEY_UILaunchStoryboardName = LaunchScreen;
				INFOPLIST_KEY_UISupportedInterfaceOrientations_iPad = "UIInterfaceOrientationPortrait UIInterfaceOrientationPortraitUpsideDown UIInterfaceOrientationLandscapeLeft UIInterfaceOrientationLandscapeRight";
				INFOPLIST_KEY_UISupportedInterfaceOrientations_iPhone = "UIInterfaceOrientationPortrait UIInterfaceOrientationLandscapeLeft UIInterfaceOrientationLandscapeRight";
				IPHONEOS_DEPLOYMENT_TARGET = 14.0;
				LD_RUNPATH_SEARCH_PATHS = (
					"$(inherited)",
					"@executable_path/Frameworks",
				);
				MARKETING_VERSION = 1.0;
				PRODUCT_BUNDLE_IDENTIFIER = co.hakimovKam.RickAndMorty;
				PRODUCT_NAME = "$(TARGET_NAME)";
				SUPPORTED_PLATFORMS = "iphoneos iphonesimulator";
				SUPPORTS_MACCATALYST = NO;
				SUPPORTS_MAC_DESIGNED_FOR_IPHONE_IPAD = NO;
				SWIFT_EMIT_LOC_STRINGS = YES;
				SWIFT_VERSION = 5.0;
				TARGETED_DEVICE_FAMILY = "1,2";
			};
			name = Debug;
		};
		EB7BC2EE2964AA0C00626717 /* Release */ = {
			isa = XCBuildConfiguration;
			buildSettings = {
				ASSETCATALOG_COMPILER_APPICON_NAME = AppIcon;
				ASSETCATALOG_COMPILER_GLOBAL_ACCENT_COLOR_NAME = AccentColor;
				CODE_SIGN_STYLE = Automatic;
				CURRENT_PROJECT_VERSION = 1;
				DEVELOPMENT_TEAM = 2VC8L6JCP3;
				GENERATE_INFOPLIST_FILE = YES;
				INFOPLIST_FILE = RickAndMorty/Info.plist;
				INFOPLIST_KEY_UIApplicationSupportsIndirectInputEvents = YES;
				INFOPLIST_KEY_UILaunchStoryboardName = LaunchScreen;
				INFOPLIST_KEY_UISupportedInterfaceOrientations_iPad = "UIInterfaceOrientationPortrait UIInterfaceOrientationPortraitUpsideDown UIInterfaceOrientationLandscapeLeft UIInterfaceOrientationLandscapeRight";
				INFOPLIST_KEY_UISupportedInterfaceOrientations_iPhone = "UIInterfaceOrientationPortrait UIInterfaceOrientationLandscapeLeft UIInterfaceOrientationLandscapeRight";
				IPHONEOS_DEPLOYMENT_TARGET = 14.0;
				LD_RUNPATH_SEARCH_PATHS = (
					"$(inherited)",
					"@executable_path/Frameworks",
				);
				MARKETING_VERSION = 1.0;
				PRODUCT_BUNDLE_IDENTIFIER = co.hakimovKam.RickAndMorty;
				PRODUCT_NAME = "$(TARGET_NAME)";
				SUPPORTED_PLATFORMS = "iphoneos iphonesimulator";
				SUPPORTS_MACCATALYST = NO;
				SUPPORTS_MAC_DESIGNED_FOR_IPHONE_IPAD = NO;
				SWIFT_EMIT_LOC_STRINGS = YES;
				SWIFT_VERSION = 5.0;
				TARGETED_DEVICE_FAMILY = "1,2";
			};
			name = Release;
		};
		EB7BC2F02964AA0C00626717 /* Debug */ = {
			isa = XCBuildConfiguration;
			buildSettings = {
				ALWAYS_EMBED_SWIFT_STANDARD_LIBRARIES = YES;
				BUNDLE_LOADER = "$(TEST_HOST)";
				CODE_SIGN_STYLE = Automatic;
				CURRENT_PROJECT_VERSION = 1;
				DEVELOPMENT_TEAM = 2VC8L6JCP3;
				GENERATE_INFOPLIST_FILE = YES;
				IPHONEOS_DEPLOYMENT_TARGET = 16.1;
				MARKETING_VERSION = 1.0;
				PRODUCT_BUNDLE_IDENTIFIER = co.hakimovKam.RickAndMortyTests;
				PRODUCT_NAME = "$(TARGET_NAME)";
				SWIFT_EMIT_LOC_STRINGS = NO;
				SWIFT_VERSION = 5.0;
				TARGETED_DEVICE_FAMILY = "1,2";
				TEST_HOST = "$(BUILT_PRODUCTS_DIR)/RickAndMorty.app/$(BUNDLE_EXECUTABLE_FOLDER_PATH)/RickAndMorty";
			};
			name = Debug;
		};
		EB7BC2F12964AA0C00626717 /* Release */ = {
			isa = XCBuildConfiguration;
			buildSettings = {
				ALWAYS_EMBED_SWIFT_STANDARD_LIBRARIES = YES;
				BUNDLE_LOADER = "$(TEST_HOST)";
				CODE_SIGN_STYLE = Automatic;
				CURRENT_PROJECT_VERSION = 1;
				DEVELOPMENT_TEAM = 2VC8L6JCP3;
				GENERATE_INFOPLIST_FILE = YES;
				IPHONEOS_DEPLOYMENT_TARGET = 16.1;
				MARKETING_VERSION = 1.0;
				PRODUCT_BUNDLE_IDENTIFIER = co.hakimovKam.RickAndMortyTests;
				PRODUCT_NAME = "$(TARGET_NAME)";
				SWIFT_EMIT_LOC_STRINGS = NO;
				SWIFT_VERSION = 5.0;
				TARGETED_DEVICE_FAMILY = "1,2";
				TEST_HOST = "$(BUILT_PRODUCTS_DIR)/RickAndMorty.app/$(BUNDLE_EXECUTABLE_FOLDER_PATH)/RickAndMorty";
			};
			name = Release;
		};
		EB7BC2F32964AA0C00626717 /* Debug */ = {
			isa = XCBuildConfiguration;
			buildSettings = {
				ALWAYS_EMBED_SWIFT_STANDARD_LIBRARIES = YES;
				CODE_SIGN_STYLE = Automatic;
				CURRENT_PROJECT_VERSION = 1;
				DEVELOPMENT_TEAM = 2VC8L6JCP3;
				GENERATE_INFOPLIST_FILE = YES;
				MARKETING_VERSION = 1.0;
				PRODUCT_BUNDLE_IDENTIFIER = co.hakimovKam.RickAndMortyUITests;
				PRODUCT_NAME = "$(TARGET_NAME)";
				SWIFT_EMIT_LOC_STRINGS = NO;
				SWIFT_VERSION = 5.0;
				TARGETED_DEVICE_FAMILY = "1,2";
				TEST_TARGET_NAME = RickAndMorty;
			};
			name = Debug;
		};
		EB7BC2F42964AA0C00626717 /* Release */ = {
			isa = XCBuildConfiguration;
			buildSettings = {
				ALWAYS_EMBED_SWIFT_STANDARD_LIBRARIES = YES;
				CODE_SIGN_STYLE = Automatic;
				CURRENT_PROJECT_VERSION = 1;
				DEVELOPMENT_TEAM = 2VC8L6JCP3;
				GENERATE_INFOPLIST_FILE = YES;
				MARKETING_VERSION = 1.0;
				PRODUCT_BUNDLE_IDENTIFIER = co.hakimovKam.RickAndMortyUITests;
				PRODUCT_NAME = "$(TARGET_NAME)";
				SWIFT_EMIT_LOC_STRINGS = NO;
				SWIFT_VERSION = 5.0;
				TARGETED_DEVICE_FAMILY = "1,2";
				TEST_TARGET_NAME = RickAndMorty;
			};
			name = Release;
		};
/* End XCBuildConfiguration section */

/* Begin XCConfigurationList section */
		EB7BC2BA2964AA0B00626717 /* Build configuration list for PBXProject "RickAndMorty" */ = {
			isa = XCConfigurationList;
			buildConfigurations = (
				EB7BC2EA2964AA0C00626717 /* Debug */,
				EB7BC2EB2964AA0C00626717 /* Release */,
			);
			defaultConfigurationIsVisible = 0;
			defaultConfigurationName = Release;
		};
		EB7BC2EC2964AA0C00626717 /* Build configuration list for PBXNativeTarget "RickAndMorty" */ = {
			isa = XCConfigurationList;
			buildConfigurations = (
				EB7BC2ED2964AA0C00626717 /* Debug */,
				EB7BC2EE2964AA0C00626717 /* Release */,
			);
			defaultConfigurationIsVisible = 0;
			defaultConfigurationName = Release;
		};
		EB7BC2EF2964AA0C00626717 /* Build configuration list for PBXNativeTarget "RickAndMortyTests" */ = {
			isa = XCConfigurationList;
			buildConfigurations = (
				EB7BC2F02964AA0C00626717 /* Debug */,
				EB7BC2F12964AA0C00626717 /* Release */,
			);
			defaultConfigurationIsVisible = 0;
			defaultConfigurationName = Release;
		};
		EB7BC2F22964AA0C00626717 /* Build configuration list for PBXNativeTarget "RickAndMortyUITests" */ = {
			isa = XCConfigurationList;
			buildConfigurations = (
				EB7BC2F32964AA0C00626717 /* Debug */,
				EB7BC2F42964AA0C00626717 /* Release */,
			);
			defaultConfigurationIsVisible = 0;
			defaultConfigurationName = Release;
		};
/* End XCConfigurationList section */

/* Begin XCVersionGroup section */
		EB62FDEA297491A7005783AA /* RickAndMorty.xcdatamodeld */ = {
			isa = XCVersionGroup;
			children = (
				EB62FDEB297491A7005783AA /* RickAndMorty.xcdatamodel */,
			);
			currentVersion = EB62FDEB297491A7005783AA /* RickAndMorty.xcdatamodel */;
			name = RickAndMorty.xcdatamodeld;
			path = RickAndMorty/RickAndMorty.xcdatamodeld;
			sourceTree = "<group>";
			versionGroupType = wrapper.xcdatamodel;
		};
/* End XCVersionGroup section */
	};
	rootObject = EB7BC2B72964AA0B00626717 /* Project object */;
}
